
Microsoft Visual Studio Solution File, Format Version 11.00
# Visual Studio 2010
Project("{FAE04EC0-301F-11D3-BF4B-00C04F79EFBC}") = "UI Programming II", "Assembly-CSharp.csproj", "{74489224-59B9-3F7C-1C16-ED8EED202DEE}"
EndProject
Global
	GlobalSection(SolutionConfigurationPlatforms) = preSolution
		Debug|Any CPU = Debug|Any CPU
		Release|Any CPU = Release|Any CPU
	EndGlobalSection
	GlobalSection(ProjectConfigurationPlatforms) = postSolution
		{74489224-59B9-3F7C-1C16-ED8EED202DEE}.Debug|Any CPU.ActiveCfg = Debug|Any CPU
		{74489224-59B9-3F7C-1C16-ED8EED202DEE}.Debug|Any CPU.Build.0 = Debug|Any CPU
		{74489224-59B9-3F7C-1C16-ED8EED202DEE}.Release|Any CPU.ActiveCfg = Release|Any CPU
		{74489224-59B9-3F7C-1C16-ED8EED202DEE}.Release|Any CPU.Build.0 = Release|Any CPU
	EndGlobalSection
	GlobalSection(SolutionProperties) = preSolution
		HideSolutionNode = FALSE
	EndGlobalSection
	GlobalSection(MonoDevelopProperties) = preSolution
		StartupItem = Assembly-CSharp.csproj
	EndGlobalSection
EndGlobal
